PODS:
  - Flutter (1.0.0)
  - flutter_native_image (0.0.1):
    - Flutter
  - image_picker (0.0.1):
    - Flutter
  - media_picker_builder (0.0.1):
    - Flutter
  - pinch_zoom_image (0.0.1):
    - Flutter
  - url_launcher (0.0.1):
    - Flutter

DEPENDENCIES:
  - Flutter (from `.symlinks/flutter/ios`)
  - flutter_native_image (from `.symlinks/plugins/flutter_native_image/ios`)
  - image_picker (from `.symlinks/plugins/image_picker/ios`)
  - media_picker_builder (from `.symlinks/plugins/media_picker_builder/ios`)
  - pinch_zoom_image (from `.symlinks/plugins/pinch_zoom_image/ios`)
  - url_launcher (from `.symlinks/plugins/url_launcher/ios`)

EXTERNAL SOURCES:
  Flutter:
    :path: ".symlinks/flutter/ios"
  flutter_native_image:
    :path: ".symlinks/plugins/flutter_native_image/ios"
  image_picker:
    :path: ".symlinks/plugins/image_picker/ios"
  media_picker_builder:
    :path: ".symlinks/plugins/media_picker_builder/ios"
  pinch_zoom_image:
    :path: ".symlinks/plugins/pinch_zoom_image/ios"
  url_launcher:
    :path: ".symlinks/plugins/url_launcher/ios"

SPEC CHECKSUMS:
  Flutter: 0e3d915762c693b495b44d77113d4970485de6ec
  flutter_native_image: 9c0b7451838484458e5b0fae007b86a4c2d4bdfe
  image_picker: 16e5fec1fbc87fd3b297c53e4048521eaf17cd06
  media_picker_builder: fac2646d747c8058a4f049190f1b349f2c74dc41
  pinch_zoom_image: 2455133f9c87dce3f63c828dd583e3b1cdaa2df9
  url_launcher: 0067ddb8f10d36786672aa0722a21717dba3a298

PODFILE CHECKSUM: c6abfde0be607c607b625d7c2cdfbdf2ae6e774b

COCOAPODS: 1.8.4
